{
  "name": "CanvasSketch",
  "version": "1.0.0",
  "lockfileVersion": 1,
  "requires": true,
  "dependencies": {
    "camera-picking-ray": {
      "version": "1.0.1",
      "resolved": "https://registry.npmjs.org/camera-picking-ray/-/camera-picking-ray-1.0.1.tgz",
      "integrity": "sha1-SVZ6Ttwt5bwT5Lb9lZUgvxOjBJA=",
      "requires": {
        "camera-unproject": "1.0.1",
        "gl-vec3": "1.1.3"
      }
    },
    "camera-project": {
      "version": "1.0.2",
      "resolved": "https://registry.npmjs.org/camera-project/-/camera-project-1.0.2.tgz",
      "integrity": "sha1-0daWxaoWTO6S4hu5IqulK2wKJd4=",
      "requires": {
        "gl-vec4": "1.0.1"
      }
    },
    "camera-unproject": {
      "version": "1.0.1",
      "resolved": "https://registry.npmjs.org/camera-unproject/-/camera-unproject-1.0.1.tgz",
      "integrity": "sha1-hpJ6nW1TQKjJ422oQPfMttbaEs8="
    },
    "canvas-sketch": {
      "version": "0.0.19",
      "resolved": "https://registry.npmjs.org/canvas-sketch/-/canvas-sketch-0.0.19.tgz",
      "integrity": "sha512-lDUDp31TvDjSby/gcQEEbYqoLDAP2G1iJl8uH3PSU7n0LfAmBPxIQWqpMLpp2GxQtWB33w5NYO7N93LYQ7eg1A==",
      "requires": {
        "convert-length": "1.0.1",
        "dateformat": "3.0.3",
        "deep-equal": "1.0.1",
        "defined": "1.0.0",
        "get-canvas-context": "1.0.2",
        "is-class": "0.0.5",
        "is-dom": "1.0.9",
        "is-promise": "2.1.0",
        "object-assign": "4.1.1",
        "pad-left": "2.1.0",
        "right-now": "1.0.0"
      }
    },
    "convert-length": {
      "version": "1.0.1",
      "resolved": "https://registry.npmjs.org/convert-length/-/convert-length-1.0.1.tgz",
      "integrity": "sha512-w94Vge3sck6J1NHuA0du367/JTbj1zfjTapX7ixR2W+KlU4zb+NRTbou3x9nTpm5vlcXmjoaUJQpVN9pULCdxQ==",
      "requires": {
        "defined": "1.0.0"
      }
    },
    "dateformat": {
      "version": "3.0.3",
      "resolved": "https://registry.npmjs.org/dateformat/-/dateformat-3.0.3.tgz",
      "integrity": "sha512-jyCETtSl3VMZMWeRo7iY1FL19ges1t55hMo5yaam4Jrsm5EPL89UQkoQRyiI+Yf4k8r2ZpdngkV8hr1lIdjb3Q=="
    },
    "deep-equal": {
      "version": "1.0.1",
      "resolved": "https://registry.npmjs.org/deep-equal/-/deep-equal-1.0.1.tgz",
      "integrity": "sha1-9dJgKStmDghO/0zbyfCK0yR0SLU="
    },
    "defined": {
      "version": "1.0.0",
      "resolved": "https://registry.npmjs.org/defined/-/defined-1.0.0.tgz",
      "integrity": "sha1-yY2bzvdWdBiOEQlpFRGZ45sfppM="
    },
    "get-canvas-context": {
      "version": "1.0.2",
      "resolved": "https://registry.npmjs.org/get-canvas-context/-/get-canvas-context-1.0.2.tgz",
      "integrity": "sha1-1ue1C8TkyGNXzTnyJkeoS3NgHpM="
    },
    "gl-mat4": {
      "version": "1.2.0",
      "resolved": "https://registry.npmjs.org/gl-mat4/-/gl-mat4-1.2.0.tgz",
      "integrity": "sha512-sT5C0pwB1/e9G9AvAoLsoaJtbMGjfd/jfxo8jMCKqYYEnjZuFvqV5rehqar0538EmssjdDeiEWnKyBSTw7quoA=="
    },
    "gl-vec2": {
      "version": "1.3.0",
      "resolved": "https://registry.npmjs.org/gl-vec2/-/gl-vec2-1.3.0.tgz",
      "integrity": "sha512-YiqaAuNsheWmUV0Sa8k94kBB0D6RWjwZztyO+trEYS8KzJ6OQB/4686gdrf59wld4hHFIvaxynO3nRxpk1Ij/A=="
    },
    "gl-vec3": {
      "version": "1.1.3",
      "resolved": "https://registry.npmjs.org/gl-vec3/-/gl-vec3-1.1.3.tgz",
      "integrity": "sha512-jduKUqT0SGH02l8Yl+mV1yVsDfYgQAJyXGxkJQGyxPLHRiW25DwVIRPt6uvhrEMHftJfqhqKthRcyZqNEl9Xdw=="
    },
    "gl-vec4": {
      "version": "1.0.1",
      "resolved": "https://registry.npmjs.org/gl-vec4/-/gl-vec4-1.0.1.tgz",
      "integrity": "sha1-l9loeCgbFLUyy84QF4Xf0cs0CWQ="
    },
    "hex-rgb": {
      "version": "3.0.0",
      "resolved": "https://registry.npmjs.org/hex-rgb/-/hex-rgb-3.0.0.tgz",
      "integrity": "sha512-iWOUTZu7KQGhErV8JfTQDH5F/M2D0HVd0sexS4Grg4e4RYAiN3c4jfpPqKgfedqeebKcNZBl2z3zlgCtFjpFJQ=="
    },
    "icosphere": {
      "version": "1.0.0",
      "resolved": "https://registry.npmjs.org/icosphere/-/icosphere-1.0.0.tgz",
      "integrity": "sha1-glFVXUN9ueq8aI+IEktoow+oRxA=",
      "requires": {
        "vectors": "0.1.0"
      }
    },
    "is-class": {
      "version": "0.0.5",
      "resolved": "https://registry.npmjs.org/is-class/-/is-class-0.0.5.tgz",
      "integrity": "sha512-jOquneoRNrqbpDgh4hKicrMcGIl7jopvIJaWI+LyDVRzZrQy819qBaYSofOyUMTo/x5Jelvs8G5v/ptdySWy6A=="
    },
    "is-dom": {
      "version": "1.0.9",
      "resolved": "https://registry.npmjs.org/is-dom/-/is-dom-1.0.9.tgz",
      "integrity": "sha1-SDgy1SlyBz3hK5/j9gMghw2oNw0="
    },
    "is-promise": {
      "version": "2.1.0",
      "resolved": "https://registry.npmjs.org/is-promise/-/is-promise-2.1.0.tgz",
      "integrity": "sha1-eaKp7OfwlugPNtKy87wWwf9L8/o="
    },
    "object-assign": {
      "version": "4.1.1",
      "resolved": "https://registry.npmjs.org/object-assign/-/object-assign-4.1.1.tgz",
      "integrity": "sha1-IQmtx5ZYh8/AXLvUQsrIv7s2CGM="
    },
    "pad-left": {
      "version": "2.1.0",
      "resolved": "https://registry.npmjs.org/pad-left/-/pad-left-2.1.0.tgz",
      "integrity": "sha1-FuajstRKjhOMsIOMx8tAOk/J6ZQ=",
      "requires": {
        "repeat-string": "1.6.1"
      }
    },
    "perspective-camera": {
      "version": "2.0.1",
      "resolved": "https://registry.npmjs.org/perspective-camera/-/perspective-camera-2.0.1.tgz",
      "integrity": "sha1-dZPkfroLcDi4HOaY2zRPElo7NiU=",
      "requires": {
        "camera-picking-ray": "1.0.1",
        "camera-project": "1.0.2",
        "camera-unproject": "1.0.1",
        "defined": "1.0.0",
        "gl-mat4": "1.2.0",
        "gl-vec3": "1.1.3",
        "object-assign": "2.1.1",
        "ray-3d": "1.1.1"
      },
      "dependencies": {
        "object-assign": {
          "version": "2.1.1",
          "resolved": "https://registry.npmjs.org/object-assign/-/object-assign-2.1.1.tgz",
          "integrity": "sha1-Q8NuXVaf+OSBbE76i+AtJpZ8GKo="
        }
      }
    },
    "primitive-icosphere": {
      "version": "1.0.2",
      "resolved": "https://registry.npmjs.org/primitive-icosphere/-/primitive-icosphere-1.0.2.tgz",
      "integrity": "sha1-YRdqCl/FvtayvzvYVm2yRkK6Q/4=",
      "requires": {
        "gl-vec2": "1.3.0",
        "gl-vec3": "1.1.3",
        "icosphere": "1.0.0"
      }
    },
    "ray-3d": {
      "version": "1.1.1",
      "resolved": "https://registry.npmjs.org/ray-3d/-/ray-3d-1.1.1.tgz",
      "integrity": "sha1-c4ARNbVnhmhQiBpcBmVYU/LhAnM=",
      "requires": {
        "gl-vec3": "1.1.3",
        "ray-aabb-intersection": "1.0.1",
        "ray-plane-intersection": "1.0.0",
        "ray-sphere-intersection": "1.0.0",
        "ray-triangle-intersection": "1.0.3"
      }
    },
    "ray-aabb-intersection": {
      "version": "1.0.1",
      "resolved": "https://registry.npmjs.org/ray-aabb-intersection/-/ray-aabb-intersection-1.0.1.tgz",
      "integrity": "sha1-LrUQIo19kiL9yBZ+Zzeq1zZm3Mc="
    },
    "ray-plane-intersection": {
      "version": "1.0.0",
      "resolved": "https://registry.npmjs.org/ray-plane-intersection/-/ray-plane-intersection-1.0.0.tgz",
      "integrity": "sha1-djvhzQTt2tGEevbV5wlBtzAqR7s=",
      "requires": {
        "gl-vec3": "1.1.3"
      }
    },
    "ray-sphere-intersection": {
      "version": "1.0.0",
      "resolved": "https://registry.npmjs.org/ray-sphere-intersection/-/ray-sphere-intersection-1.0.0.tgz",
      "integrity": "sha1-fyM9HU269SZXV8mCZTL1Ox5O6so=",
      "requires": {
        "gl-vec3": "1.1.3"
      }
    },
    "ray-triangle-intersection": {
      "version": "1.0.3",
      "resolved": "https://registry.npmjs.org/ray-triangle-intersection/-/ray-triangle-intersection-1.0.3.tgz",
      "integrity": "sha1-jqjy84NYC9q9NvXlE1nPceEHTTQ=",
      "requires": {
        "gl-vec3": "1.1.3"
      }
    },
    "regl": {
      "version": "1.3.7",
      "resolved": "https://registry.npmjs.org/regl/-/regl-1.3.7.tgz",
      "integrity": "sha512-Uf005fU6C+VsYomGEOtDhpn6aiisljsJEG6CoGTgNnV5W28hDNDR3Xw9scAkx9X1JoZ/otYODztVWZpQNyJWcA=="
    },
    "repeat-string": {
      "version": "1.6.1",
      "resolved": "https://registry.npmjs.org/repeat-string/-/repeat-string-1.6.1.tgz",
      "integrity": "sha1-jcrkcOHIirwtYA//Sndihtp15jc="
    },
    "right-now": {
      "version": "1.0.0",
      "resolved": "https://registry.npmjs.org/right-now/-/right-now-1.0.0.tgz",
      "integrity": "sha1-bolgne69fc2vja7Mmuo5z1haCRg="
    },
    "vectors": {
      "version": "0.1.0",
      "resolved": "https://registry.npmjs.org/vectors/-/vectors-0.1.0.tgz",
      "integrity": "sha1-UD+7m4BEZBJqiOqKx5mSUXmOqFQ="
    }
  }
}
